
Microsoft Visual Studio Solution File, Format Version 12.00
# Visual Studio Version 16
VisualStudioVersion = 16.0.32126.315
MinimumVisualStudioVersion = 10.0.40219.1
Project("{FAE04EC0-301F-11D3-BF4B-00C04F79EFBC}") = "web410919459", "web410919459\web410919459.csproj", "{BE963FE8-6CE8-403D-94B0-47A2628EC465}"
EndProject
Global
	GlobalSection(SolutionConfigurationPlatforms) = preSolution
		Debug|Any CPU = Debug|Any CPU
		Release|Any CPU = Release|Any CPU
	EndGlobalSection
	GlobalSection(ProjectConfigurationPlatforms) = postSolution
		{BE963FE8-6CE8-403D-94B0-47A2628EC465}.Debug|Any CPU.ActiveCfg = Debug|Any CPU
		{BE963FE8-6CE8-403D-94B0-47A2628EC465}.Debug|Any CPU.Build.0 = Debug|Any CPU
		{BE963FE8-6CE8-403D-94B0-47A2628EC465}.Release|Any CPU.ActiveCfg = Release|Any CPU
		{BE963FE8-6CE8-403D-94B0-47A2628EC465}.Release|Any CPU.Build.0 = Release|Any CPU
	EndGlobalSection
	GlobalSection(SolutionProperties) = preSolution
		HideSolutionNode = FALSE
	EndGlobalSection
	GlobalSection(ExtensibilityGlobals) = postSolution
		SolutionGuid = {1004953C-B3FB-40EA-94D5-88C338C80BD8}
	EndGlobalSection
EndGlobal
